
Microsoft Visual Studio Solution File, Format Version 12.00
# Visual Studio Version 17
VisualStudioVersion = 17.11.35327.3
MinimumVisualStudioVersion = 10.0.40219.1
Project("{FAE04EC0-301F-11D3-BF4B-00C04F79EFBC}") = "CookieClicker", "CookieClicker\CookieClicker.csproj", "{767B1C69-903F-4011-BB12-90799A216972}"
EndProject
Global
	GlobalSection(SolutionConfigurationPlatforms) = preSolution
		Debug|Any CPU = Debug|Any CPU
		Release|Any CPU = Release|Any CPU
	EndGlobalSection
	GlobalSection(ProjectConfigurationPlatforms) = postSolution
		{767B1C69-903F-4011-BB12-90799A216972}.Debug|Any CPU.ActiveCfg = Debug|Any CPU
		{767B1C69-903F-4011-BB12-90799A216972}.Debug|Any CPU.Build.0 = Debug|Any CPU
		{767B1C69-903F-4011-BB12-90799A216972}.Debug|Any CPU.Deploy.0 = Debug|Any CPU
		{767B1C69-903F-4011-BB12-90799A216972}.Release|Any CPU.ActiveCfg = Release|Any CPU
		{767B1C69-903F-4011-BB12-90799A216972}.Release|Any CPU.Build.0 = Release|Any CPU
		{767B1C69-903F-4011-BB12-90799A216972}.Release|Any CPU.Deploy.0 = Release|Any CPU
	EndGlobalSection
	GlobalSection(SolutionProperties) = preSolution
		HideSolutionNode = FALSE
	EndGlobalSection
	GlobalSection(ExtensibilityGlobals) = postSolution
		SolutionGuid = {7F11B40D-B9A7-4D51-861B-7AC82882763A}
	EndGlobalSection
EndGlobal
